
Microsoft Visual Studio Solution File, Format Version 12.00
# Visual Studio 14
VisualStudioVersion = 14.0.23107.0
MinimumVisualStudioVersion = 10.0.40219.1
Project("{FAE04EC0-301F-11D3-BF4B-00C04F79EFBC}") = "CodeEval1", "CodeEval\CodeEval1.csproj", "{655758C0-3A09-48D9-AC18-69E44EB35FCC}"
EndProject
Project("{FAE04EC0-301F-11D3-BF4B-00C04F79EFBC}") = "CodeEval7", "CodeEval7\CodeEval7.csproj", "{F4952B10-3C92-4825-B068-88BC58505440}"
EndProject
Project("{FAE04EC0-301F-11D3-BF4B-00C04F79EFBC}") = "CodeEval14", "CodeEval14\CodeEval14.csproj", "{52070EFA-F01E-467B-ACFF-EB059F6C153A}"
EndProject
Project("{FAE04EC0-301F-11D3-BF4B-00C04F79EFBC}") = "CodeEval65", "CodeEval65\CodeEval65.csproj", "{5ED7D276-983A-4F75-B8ED-536EDF17EEC2}"
EndProject
Project("{FAE04EC0-301F-11D3-BF4B-00C04F79EFBC}") = "CodeEval216", "CodeEval216\CodeEval216.csproj", "{5033CCB3-AC0E-402E-85F7-516B8CA02D8A}"
EndProject
Project("{FAE04EC0-301F-11D3-BF4B-00C04F79EFBC}") = "CodeEval19", "CodeEval19\CodeEval19.csproj", "{9E5B7CD5-9644-42B4-93BA-3F5BB365C78B}"
EndProject
Project("{FAE04EC0-301F-11D3-BF4B-00C04F79EFBC}") = "CodeEval50", "CodeEval50\CodeEval50.csproj", "{85F429A3-238D-48D1-928B-BD801BD6005C}"
EndProject
Project("{FAE04EC0-301F-11D3-BF4B-00C04F79EFBC}") = "CodeEval51", "CodeEval51\CodeEval51.csproj", "{556A2573-6842-439D-BDE2-950FAB8414CE}"
EndProject
Project("{FAE04EC0-301F-11D3-BF4B-00C04F79EFBC}") = "CodeEval10", "CodeEval10\CodeEval10.csproj", "{D8F0D411-44C5-46B0-85DD-BF12A265F1BF}"
EndProject
Project("{FAE04EC0-301F-11D3-BF4B-00C04F79EFBC}") = "CodeEval197", "CodeEval197\CodeEval197.csproj", "{B5A81163-6BD7-49D4-AFC8-B4C5C1DBCFF7}"
EndProject
Project("{FAE04EC0-301F-11D3-BF4B-00C04F79EFBC}") = "CodeEval205", "CodeEval205\CodeEval205.csproj", "{807605D0-BA71-4776-8F94-9BE3B965C395}"
EndProject
Project("{FAE04EC0-301F-11D3-BF4B-00C04F79EFBC}") = "CodeEval60", "CodeEval60\CodeEval60.csproj", "{F23A616E-499E-4E8D-A677-870FEB512D20}"
EndProject
Project("{FAE04EC0-301F-11D3-BF4B-00C04F79EFBC}") = "CodeEval18", "CodeEval18\CodeEval18.csproj", "{7B4DFCF9-2AAA-4E3A-9D3C-53587D15AC4D}"
EndProject
Project("{FAE04EC0-301F-11D3-BF4B-00C04F79EFBC}") = "CodeEval178", "CodeEval178\CodeEval178.csproj", "{FA52FAF3-19CD-484A-8D63-ADBE71179112}"
EndProject
Project("{FAE04EC0-301F-11D3-BF4B-00C04F79EFBC}") = "CodeEval208", "CodeEval208\CodeEval208.csproj", "{44504A5D-BC4D-44B8-B7E4-FAFCD5A3B2B7}"
EndProject
Project("{FAE04EC0-301F-11D3-BF4B-00C04F79EFBC}") = "CodeEval199", "CodeEval199\CodeEval199.csproj", "{9BBB5060-9C38-490B-A27C-F0B9DC220729}"
EndProject
Project("{FAE04EC0-301F-11D3-BF4B-00C04F79EFBC}") = "CodeEval140", "CodeEval140\CodeEval140.csproj", "{7F58CE0B-ECDB-47B9-AF2A-40B5AA737664}"
EndProject
Project("{FAE04EC0-301F-11D3-BF4B-00C04F79EFBC}") = "CodeEval97", "CodeEval97\CodeEval97.csproj", "{8ABBD60D-3595-4B73-B179-917D37712BD0}"
EndProject
Project("{FAE04EC0-301F-11D3-BF4B-00C04F79EFBC}") = "CodeEval214", "CodeEval214\CodeEval214.csproj", "{4745701E-FD18-4156-884E-46E850D44E46}"
EndProject
Project("{FAE04EC0-301F-11D3-BF4B-00C04F79EFBC}") = "CodeEval183", "CodeEval183\CodeEval183.csproj", "{1528AF5F-2F45-41D5-8851-0C17B61ED1FC}"
EndProject
Project("{FAE04EC0-301F-11D3-BF4B-00C04F79EFBC}") = "CodeEval122", "CodeEval122\CodeEval122.csproj", "{AABEDABB-4884-4FCD-8151-97353FE0784E}"
EndProject
Project("{FAE04EC0-301F-11D3-BF4B-00C04F79EFBC}") = "CodeEval167", "CodeEval167\CodeEval167.csproj", "{020E647F-FDFD-4DD0-95C5-EE0AF177F83E}"
EndProject
Project("{FAE04EC0-301F-11D3-BF4B-00C04F79EFBC}") = "CodeEval192", "CodeEval192\CodeEval192.csproj", "{DC293158-AD4D-4BC9-9D94-58DD4257B8E7}"
EndProject
Project("{FAE04EC0-301F-11D3-BF4B-00C04F79EFBC}") = "CodeEval87", "CodeEval87\CodeEval87.csproj", "{3FBA23D8-66F2-49F6-BD8A-326300F4DC35}"
EndProject
Project("{FAE04EC0-301F-11D3-BF4B-00C04F79EFBC}") = "CodeEval64", "CodeEval64\CodeEval64.csproj", "{13A4C288-A215-442A-8A97-B6370EC01AF0}"
EndProject
Project("{FAE04EC0-301F-11D3-BF4B-00C04F79EFBC}") = "CodeEval227", "CodeEval227\CodeEval227.csproj", "{1FFA35DC-5CED-46D0-9091-4F89EC93DB36}"
EndProject
Project("{FAE04EC0-301F-11D3-BF4B-00C04F79EFBC}") = "CodeEval220", "CodeEval220\CodeEval220.csproj", "{D6E768FE-7433-47B0-B55D-4154222C9F92}"
EndProject
Project("{FAE04EC0-301F-11D3-BF4B-00C04F79EFBC}") = "CodeEval203", "CodeEval203\CodeEval203.csproj", "{2D3BC658-E4D1-4662-99A4-D04A43BFBB35}"
EndProject
Project("{FAE04EC0-301F-11D3-BF4B-00C04F79EFBC}") = "CodeEval202", "CodeEval202\CodeEval202.csproj", "{C0072455-AC19-43C0-B633-D22AC0C2CF20}"
EndProject
Project("{FAE04EC0-301F-11D3-BF4B-00C04F79EFBC}") = "CodeEval225", "CodeEval225\CodeEval225.csproj", "{53947E5F-C15C-4089-9631-887F6C11129D}"
EndProject
Project("{FAE04EC0-301F-11D3-BF4B-00C04F79EFBC}") = "CodeEval38", "CodeEval38\CodeEval38.csproj", "{26E632E4-6FBF-48F8-8E07-FE991DC43B49}"
EndProject
Project("{FAE04EC0-301F-11D3-BF4B-00C04F79EFBC}") = "CodeEval39", "CodeEval39\CodeEval39.csproj", "{ACF131B7-5A1C-424B-A80A-7843D33485B1}"
EndProject
Project("{FAE04EC0-301F-11D3-BF4B-00C04F79EFBC}") = "CodeEval156", "CodeEval156\CodeEval156.csproj", "{7AE7D8AB-BCB5-4E2F-B8D3-E9278E3812B8}"
EndProject
Project("{FAE04EC0-301F-11D3-BF4B-00C04F79EFBC}") = "CodeEval40", "CodeEval40\CodeEval40.csproj", "{181DBE6D-A1FB-43FD-9D30-53CC82435A83}"
EndProject
Project("{FAE04EC0-301F-11D3-BF4B-00C04F79EFBC}") = "CodeEval82", "CodeEval82\CodeEval82.csproj", "{3AEA4C8F-654B-411F-A20F-269F9911A53F}"
EndProject
Project("{FAE04EC0-301F-11D3-BF4B-00C04F79EFBC}") = "CodeEval92", "CodeEval92\CodeEval92.csproj", "{0C80E65C-9B3B-46A7-B16A-83509D833884}"
EndProject
Project("{FAE04EC0-301F-11D3-BF4B-00C04F79EFBC}") = "CodeEval96", "CodeEval96\CodeEval96.csproj", "{EAD87EFC-23E5-496F-84D2-ABF406545BBC}"
EndProject
Project("{FAE04EC0-301F-11D3-BF4B-00C04F79EFBC}") = "CodeEval103", "CodeEval103\CodeEval103.csproj", "{C90136DA-13C7-4F02-AAE4-C51D6BDBCE0C}"
EndProject
Project("{FAE04EC0-301F-11D3-BF4B-00C04F79EFBC}") = "CodeEval104", "CodeEval104\CodeEval104.csproj", "{1C27D4BC-789A-4592-A073-3F51BB202621}"
EndProject
Project("{FAE04EC0-301F-11D3-BF4B-00C04F79EFBC}") = "CodeEval111", "CodeEval111\CodeEval111.csproj", "{CCDBF242-7084-4917-AD45-CCF7C3A289EC}"
EndProject
Global
	GlobalSection(SolutionConfigurationPlatforms) = preSolution
		Debug|Any CPU = Debug|Any CPU
		Release|Any CPU = Release|Any CPU
	EndGlobalSection
	GlobalSection(ProjectConfigurationPlatforms) = postSolution
		{655758C0-3A09-48D9-AC18-69E44EB35FCC}.Debug|Any CPU.ActiveCfg = Debug|Any CPU
		{655758C0-3A09-48D9-AC18-69E44EB35FCC}.Debug|Any CPU.Build.0 = Debug|Any CPU
		{655758C0-3A09-48D9-AC18-69E44EB35FCC}.Release|Any CPU.ActiveCfg = Release|Any CPU
		{655758C0-3A09-48D9-AC18-69E44EB35FCC}.Release|Any CPU.Build.0 = Release|Any CPU
		{F4952B10-3C92-4825-B068-88BC58505440}.Debug|Any CPU.ActiveCfg = Debug|Any CPU
		{F4952B10-3C92-4825-B068-88BC58505440}.Debug|Any CPU.Build.0 = Debug|Any CPU
		{F4952B10-3C92-4825-B068-88BC58505440}.Release|Any CPU.ActiveCfg = Release|Any CPU
		{F4952B10-3C92-4825-B068-88BC58505440}.Release|Any CPU.Build.0 = Release|Any CPU
		{52070EFA-F01E-467B-ACFF-EB059F6C153A}.Debug|Any CPU.ActiveCfg = Debug|Any CPU
		{52070EFA-F01E-467B-ACFF-EB059F6C153A}.Debug|Any CPU.Build.0 = Debug|Any CPU
		{52070EFA-F01E-467B-ACFF-EB059F6C153A}.Release|Any CPU.ActiveCfg = Release|Any CPU
		{52070EFA-F01E-467B-ACFF-EB059F6C153A}.Release|Any CPU.Build.0 = Release|Any CPU
		{5ED7D276-983A-4F75-B8ED-536EDF17EEC2}.Debug|Any CPU.ActiveCfg = Debug|Any CPU
		{5ED7D276-983A-4F75-B8ED-536EDF17EEC2}.Debug|Any CPU.Build.0 = Debug|Any CPU
		{5ED7D276-983A-4F75-B8ED-536EDF17EEC2}.Release|Any CPU.ActiveCfg = Release|Any CPU
		{5ED7D276-983A-4F75-B8ED-536EDF17EEC2}.Release|Any CPU.Build.0 = Release|Any CPU
		{5033CCB3-AC0E-402E-85F7-516B8CA02D8A}.Debug|Any CPU.ActiveCfg = Debug|Any CPU
		{5033CCB3-AC0E-402E-85F7-516B8CA02D8A}.Debug|Any CPU.Build.0 = Debug|Any CPU
		{5033CCB3-AC0E-402E-85F7-516B8CA02D8A}.Release|Any CPU.ActiveCfg = Release|Any CPU
		{5033CCB3-AC0E-402E-85F7-516B8CA02D8A}.Release|Any CPU.Build.0 = Release|Any CPU
		{9E5B7CD5-9644-42B4-93BA-3F5BB365C78B}.Debug|Any CPU.ActiveCfg = Debug|Any CPU
		{9E5B7CD5-9644-42B4-93BA-3F5BB365C78B}.Debug|Any CPU.Build.0 = Debug|Any CPU
		{9E5B7CD5-9644-42B4-93BA-3F5BB365C78B}.Release|Any CPU.ActiveCfg = Release|Any CPU
		{9E5B7CD5-9644-42B4-93BA-3F5BB365C78B}.Release|Any CPU.Build.0 = Release|Any CPU
		{85F429A3-238D-48D1-928B-BD801BD6005C}.Debug|Any CPU.ActiveCfg = Debug|Any CPU
		{85F429A3-238D-48D1-928B-BD801BD6005C}.Debug|Any CPU.Build.0 = Debug|Any CPU
		{85F429A3-238D-48D1-928B-BD801BD6005C}.Release|Any CPU.ActiveCfg = Release|Any CPU
		{85F429A3-238D-48D1-928B-BD801BD6005C}.Release|Any CPU.Build.0 = Release|Any CPU
		{556A2573-6842-439D-BDE2-950FAB8414CE}.Debug|Any CPU.ActiveCfg = Debug|Any CPU
		{556A2573-6842-439D-BDE2-950FAB8414CE}.Debug|Any CPU.Build.0 = Debug|Any CPU
		{556A2573-6842-439D-BDE2-950FAB8414CE}.Release|Any CPU.ActiveCfg = Release|Any CPU
		{556A2573-6842-439D-BDE2-950FAB8414CE}.Release|Any CPU.Build.0 = Release|Any CPU
		{D8F0D411-44C5-46B0-85DD-BF12A265F1BF}.Debug|Any CPU.ActiveCfg = Debug|Any CPU
		{D8F0D411-44C5-46B0-85DD-BF12A265F1BF}.Debug|Any CPU.Build.0 = Debug|Any CPU
		{D8F0D411-44C5-46B0-85DD-BF12A265F1BF}.Release|Any CPU.ActiveCfg = Release|Any CPU
		{D8F0D411-44C5-46B0-85DD-BF12A265F1BF}.Release|Any CPU.Build.0 = Release|Any CPU
		{B5A81163-6BD7-49D4-AFC8-B4C5C1DBCFF7}.Debug|Any CPU.ActiveCfg = Debug|Any CPU
		{B5A81163-6BD7-49D4-AFC8-B4C5C1DBCFF7}.Debug|Any CPU.Build.0 = Debug|Any CPU
		{B5A81163-6BD7-49D4-AFC8-B4C5C1DBCFF7}.Release|Any CPU.ActiveCfg = Release|Any CPU
		{B5A81163-6BD7-49D4-AFC8-B4C5C1DBCFF7}.Release|Any CPU.Build.0 = Release|Any CPU
		{807605D0-BA71-4776-8F94-9BE3B965C395}.Debug|Any CPU.ActiveCfg = Debug|Any CPU
		{807605D0-BA71-4776-8F94-9BE3B965C395}.Debug|Any CPU.Build.0 = Debug|Any CPU
		{807605D0-BA71-4776-8F94-9BE3B965C395}.Release|Any CPU.ActiveCfg = Release|Any CPU
		{807605D0-BA71-4776-8F94-9BE3B965C395}.Release|Any CPU.Build.0 = Release|Any CPU
		{F23A616E-499E-4E8D-A677-870FEB512D20}.Debug|Any CPU.ActiveCfg = Debug|Any CPU
		{F23A616E-499E-4E8D-A677-870FEB512D20}.Debug|Any CPU.Build.0 = Debug|Any CPU
		{F23A616E-499E-4E8D-A677-870FEB512D20}.Release|Any CPU.ActiveCfg = Release|Any CPU
		{F23A616E-499E-4E8D-A677-870FEB512D20}.Release|Any CPU.Build.0 = Release|Any CPU
		{7B4DFCF9-2AAA-4E3A-9D3C-53587D15AC4D}.Debug|Any CPU.ActiveCfg = Debug|Any CPU
		{7B4DFCF9-2AAA-4E3A-9D3C-53587D15AC4D}.Debug|Any CPU.Build.0 = Debug|Any CPU
		{7B4DFCF9-2AAA-4E3A-9D3C-53587D15AC4D}.Release|Any CPU.ActiveCfg = Release|Any CPU
		{7B4DFCF9-2AAA-4E3A-9D3C-53587D15AC4D}.Release|Any CPU.Build.0 = Release|Any CPU
		{FA52FAF3-19CD-484A-8D63-ADBE71179112}.Debug|Any CPU.ActiveCfg = Debug|Any CPU
		{FA52FAF3-19CD-484A-8D63-ADBE71179112}.Debug|Any CPU.Build.0 = Debug|Any CPU
		{FA52FAF3-19CD-484A-8D63-ADBE71179112}.Release|Any CPU.ActiveCfg = Release|Any CPU
		{FA52FAF3-19CD-484A-8D63-ADBE71179112}.Release|Any CPU.Build.0 = Release|Any CPU
		{44504A5D-BC4D-44B8-B7E4-FAFCD5A3B2B7}.Debug|Any CPU.ActiveCfg = Debug|Any CPU
		{44504A5D-BC4D-44B8-B7E4-FAFCD5A3B2B7}.Debug|Any CPU.Build.0 = Debug|Any CPU
		{44504A5D-BC4D-44B8-B7E4-FAFCD5A3B2B7}.Release|Any CPU.ActiveCfg = Release|Any CPU
		{44504A5D-BC4D-44B8-B7E4-FAFCD5A3B2B7}.Release|Any CPU.Build.0 = Release|Any CPU
		{9BBB5060-9C38-490B-A27C-F0B9DC220729}.Debug|Any CPU.ActiveCfg = Debug|Any CPU
		{9BBB5060-9C38-490B-A27C-F0B9DC220729}.Debug|Any CPU.Build.0 = Debug|Any CPU
		{9BBB5060-9C38-490B-A27C-F0B9DC220729}.Release|Any CPU.ActiveCfg = Release|Any CPU
		{9BBB5060-9C38-490B-A27C-F0B9DC220729}.Release|Any CPU.Build.0 = Release|Any CPU
		{7F58CE0B-ECDB-47B9-AF2A-40B5AA737664}.Debug|Any CPU.ActiveCfg = Debug|Any CPU
		{7F58CE0B-ECDB-47B9-AF2A-40B5AA737664}.Debug|Any CPU.Build.0 = Debug|Any CPU
		{7F58CE0B-ECDB-47B9-AF2A-40B5AA737664}.Release|Any CPU.ActiveCfg = Release|Any CPU
		{7F58CE0B-ECDB-47B9-AF2A-40B5AA737664}.Release|Any CPU.Build.0 = Release|Any CPU
		{8ABBD60D-3595-4B73-B179-917D37712BD0}.Debug|Any CPU.ActiveCfg = Debug|Any CPU
		{8ABBD60D-3595-4B73-B179-917D37712BD0}.Debug|Any CPU.Build.0 = Debug|Any CPU
		{8ABBD60D-3595-4B73-B179-917D37712BD0}.Release|Any CPU.ActiveCfg = Release|Any CPU
		{8ABBD60D-3595-4B73-B179-917D37712BD0}.Release|Any CPU.Build.0 = Release|Any CPU
		{4745701E-FD18-4156-884E-46E850D44E46}.Debug|Any CPU.ActiveCfg = Debug|Any CPU
		{4745701E-FD18-4156-884E-46E850D44E46}.Debug|Any CPU.Build.0 = Debug|Any CPU
		{4745701E-FD18-4156-884E-46E850D44E46}.Release|Any CPU.ActiveCfg = Release|Any CPU
		{4745701E-FD18-4156-884E-46E850D44E46}.Release|Any CPU.Build.0 = Release|Any CPU
		{1528AF5F-2F45-41D5-8851-0C17B61ED1FC}.Debug|Any CPU.ActiveCfg = Debug|Any CPU
		{1528AF5F-2F45-41D5-8851-0C17B61ED1FC}.Debug|Any CPU.Build.0 = Debug|Any CPU
		{1528AF5F-2F45-41D5-8851-0C17B61ED1FC}.Release|Any CPU.ActiveCfg = Release|Any CPU
		{1528AF5F-2F45-41D5-8851-0C17B61ED1FC}.Release|Any CPU.Build.0 = Release|Any CPU
		{AABEDABB-4884-4FCD-8151-97353FE0784E}.Debug|Any CPU.ActiveCfg = Debug|Any CPU
		{AABEDABB-4884-4FCD-8151-97353FE0784E}.Debug|Any CPU.Build.0 = Debug|Any CPU
		{AABEDABB-4884-4FCD-8151-97353FE0784E}.Release|Any CPU.ActiveCfg = Release|Any CPU
		{AABEDABB-4884-4FCD-8151-97353FE0784E}.Release|Any CPU.Build.0 = Release|Any CPU
		{020E647F-FDFD-4DD0-95C5-EE0AF177F83E}.Debug|Any CPU.ActiveCfg = Debug|Any CPU
		{020E647F-FDFD-4DD0-95C5-EE0AF177F83E}.Debug|Any CPU.Build.0 = Debug|Any CPU
		{020E647F-FDFD-4DD0-95C5-EE0AF177F83E}.Release|Any CPU.ActiveCfg = Release|Any CPU
		{020E647F-FDFD-4DD0-95C5-EE0AF177F83E}.Release|Any CPU.Build.0 = Release|Any CPU
		{DC293158-AD4D-4BC9-9D94-58DD4257B8E7}.Debug|Any CPU.ActiveCfg = Debug|Any CPU
		{DC293158-AD4D-4BC9-9D94-58DD4257B8E7}.Debug|Any CPU.Build.0 = Debug|Any CPU
		{DC293158-AD4D-4BC9-9D94-58DD4257B8E7}.Release|Any CPU.ActiveCfg = Release|Any CPU
		{DC293158-AD4D-4BC9-9D94-58DD4257B8E7}.Release|Any CPU.Build.0 = Release|Any CPU
		{3FBA23D8-66F2-49F6-BD8A-326300F4DC35}.Debug|Any CPU.ActiveCfg = Debug|Any CPU
		{3FBA23D8-66F2-49F6-BD8A-326300F4DC35}.Debug|Any CPU.Build.0 = Debug|Any CPU
		{3FBA23D8-66F2-49F6-BD8A-326300F4DC35}.Release|Any CPU.ActiveCfg = Release|Any CPU
		{3FBA23D8-66F2-49F6-BD8A-326300F4DC35}.Release|Any CPU.Build.0 = Release|Any CPU
		{13A4C288-A215-442A-8A97-B6370EC01AF0}.Debug|Any CPU.ActiveCfg = Debug|Any CPU
		{13A4C288-A215-442A-8A97-B6370EC01AF0}.Debug|Any CPU.Build.0 = Debug|Any CPU
		{13A4C288-A215-442A-8A97-B6370EC01AF0}.Release|Any CPU.ActiveCfg = Release|Any CPU
		{13A4C288-A215-442A-8A97-B6370EC01AF0}.Release|Any CPU.Build.0 = Release|Any CPU
		{1FFA35DC-5CED-46D0-9091-4F89EC93DB36}.Debug|Any CPU.ActiveCfg = Debug|Any CPU
		{1FFA35DC-5CED-46D0-9091-4F89EC93DB36}.Debug|Any CPU.Build.0 = Debug|Any CPU
		{1FFA35DC-5CED-46D0-9091-4F89EC93DB36}.Release|Any CPU.ActiveCfg = Release|Any CPU
		{1FFA35DC-5CED-46D0-9091-4F89EC93DB36}.Release|Any CPU.Build.0 = Release|Any CPU
		{D6E768FE-7433-47B0-B55D-4154222C9F92}.Debug|Any CPU.ActiveCfg = Debug|Any CPU
		{D6E768FE-7433-47B0-B55D-4154222C9F92}.Debug|Any CPU.Build.0 = Debug|Any CPU
		{D6E768FE-7433-47B0-B55D-4154222C9F92}.Release|Any CPU.ActiveCfg = Release|Any CPU
		{D6E768FE-7433-47B0-B55D-4154222C9F92}.Release|Any CPU.Build.0 = Release|Any CPU
		{2D3BC658-E4D1-4662-99A4-D04A43BFBB35}.Debug|Any CPU.ActiveCfg = Debug|Any CPU
		{2D3BC658-E4D1-4662-99A4-D04A43BFBB35}.Debug|Any CPU.Build.0 = Debug|Any CPU
		{2D3BC658-E4D1-4662-99A4-D04A43BFBB35}.Release|Any CPU.ActiveCfg = Release|Any CPU
		{2D3BC658-E4D1-4662-99A4-D04A43BFBB35}.Release|Any CPU.Build.0 = Release|Any CPU
		{C0072455-AC19-43C0-B633-D22AC0C2CF20}.Debug|Any CPU.ActiveCfg = Debug|Any CPU
		{C0072455-AC19-43C0-B633-D22AC0C2CF20}.Debug|Any CPU.Build.0 = Debug|Any CPU
		{C0072455-AC19-43C0-B633-D22AC0C2CF20}.Release|Any CPU.ActiveCfg = Release|Any CPU
		{C0072455-AC19-43C0-B633-D22AC0C2CF20}.Release|Any CPU.Build.0 = Release|Any CPU
		{53947E5F-C15C-4089-9631-887F6C11129D}.Debug|Any CPU.ActiveCfg = Debug|Any CPU
		{53947E5F-C15C-4089-9631-887F6C11129D}.Debug|Any CPU.Build.0 = Debug|Any CPU
		{53947E5F-C15C-4089-9631-887F6C11129D}.Release|Any CPU.ActiveCfg = Release|Any CPU
		{53947E5F-C15C-4089-9631-887F6C11129D}.Release|Any CPU.Build.0 = Release|Any CPU
		{26E632E4-6FBF-48F8-8E07-FE991DC43B49}.Debug|Any CPU.ActiveCfg = Debug|Any CPU
		{26E632E4-6FBF-48F8-8E07-FE991DC43B49}.Debug|Any CPU.Build.0 = Debug|Any CPU
		{26E632E4-6FBF-48F8-8E07-FE991DC43B49}.Release|Any CPU.ActiveCfg = Release|Any CPU
		{26E632E4-6FBF-48F8-8E07-FE991DC43B49}.Release|Any CPU.Build.0 = Release|Any CPU
		{ACF131B7-5A1C-424B-A80A-7843D33485B1}.Debug|Any CPU.ActiveCfg = Debug|Any CPU
		{ACF131B7-5A1C-424B-A80A-7843D33485B1}.Debug|Any CPU.Build.0 = Debug|Any CPU
		{ACF131B7-5A1C-424B-A80A-7843D33485B1}.Release|Any CPU.ActiveCfg = Release|Any CPU
		{ACF131B7-5A1C-424B-A80A-7843D33485B1}.Release|Any CPU.Build.0 = Release|Any CPU
		{7AE7D8AB-BCB5-4E2F-B8D3-E9278E3812B8}.Debug|Any CPU.ActiveCfg = Debug|Any CPU
		{7AE7D8AB-BCB5-4E2F-B8D3-E9278E3812B8}.Debug|Any CPU.Build.0 = Debug|Any CPU
		{7AE7D8AB-BCB5-4E2F-B8D3-E9278E3812B8}.Release|Any CPU.ActiveCfg = Release|Any CPU
		{7AE7D8AB-BCB5-4E2F-B8D3-E9278E3812B8}.Release|Any CPU.Build.0 = Release|Any CPU
		{181DBE6D-A1FB-43FD-9D30-53CC82435A83}.Debug|Any CPU.ActiveCfg = Debug|Any CPU
		{181DBE6D-A1FB-43FD-9D30-53CC82435A83}.Debug|Any CPU.Build.0 = Debug|Any CPU
		{181DBE6D-A1FB-43FD-9D30-53CC82435A83}.Release|Any CPU.ActiveCfg = Release|Any CPU
		{181DBE6D-A1FB-43FD-9D30-53CC82435A83}.Release|Any CPU.Build.0 = Release|Any CPU
		{3AEA4C8F-654B-411F-A20F-269F9911A53F}.Debug|Any CPU.ActiveCfg = Debug|Any CPU
		{3AEA4C8F-654B-411F-A20F-269F9911A53F}.Debug|Any CPU.Build.0 = Debug|Any CPU
		{3AEA4C8F-654B-411F-A20F-269F9911A53F}.Release|Any CPU.ActiveCfg = Release|Any CPU
		{3AEA4C8F-654B-411F-A20F-269F9911A53F}.Release|Any CPU.Build.0 = Release|Any CPU
		{0C80E65C-9B3B-46A7-B16A-83509D833884}.Debug|Any CPU.ActiveCfg = Debug|Any CPU
		{0C80E65C-9B3B-46A7-B16A-83509D833884}.Debug|Any CPU.Build.0 = Debug|Any CPU
		{0C80E65C-9B3B-46A7-B16A-83509D833884}.Release|Any CPU.ActiveCfg = Release|Any CPU
		{0C80E65C-9B3B-46A7-B16A-83509D833884}.Release|Any CPU.Build.0 = Release|Any CPU
		{EAD87EFC-23E5-496F-84D2-ABF406545BBC}.Debug|Any CPU.ActiveCfg = Debug|Any CPU
		{EAD87EFC-23E5-496F-84D2-ABF406545BBC}.Debug|Any CPU.Build.0 = Debug|Any CPU
		{EAD87EFC-23E5-496F-84D2-ABF406545BBC}.Release|Any CPU.ActiveCfg = Release|Any CPU
		{EAD87EFC-23E5-496F-84D2-ABF406545BBC}.Release|Any CPU.Build.0 = Release|Any CPU
		{C90136DA-13C7-4F02-AAE4-C51D6BDBCE0C}.Debug|Any CPU.ActiveCfg = Debug|Any CPU
		{C90136DA-13C7-4F02-AAE4-C51D6BDBCE0C}.Debug|Any CPU.Build.0 = Debug|Any CPU
		{C90136DA-13C7-4F02-AAE4-C51D6BDBCE0C}.Release|Any CPU.ActiveCfg = Release|Any CPU
		{C90136DA-13C7-4F02-AAE4-C51D6BDBCE0C}.Release|Any CPU.Build.0 = Release|Any CPU
		{1C27D4BC-789A-4592-A073-3F51BB202621}.Debug|Any CPU.ActiveCfg = Debug|Any CPU
		{1C27D4BC-789A-4592-A073-3F51BB202621}.Debug|Any CPU.Build.0 = Debug|Any CPU
		{1C27D4BC-789A-4592-A073-3F51BB202621}.Release|Any CPU.ActiveCfg = Release|Any CPU
		{1C27D4BC-789A-4592-A073-3F51BB202621}.Release|Any CPU.Build.0 = Release|Any CPU
		{CCDBF242-7084-4917-AD45-CCF7C3A289EC}.Debug|Any CPU.ActiveCfg = Debug|Any CPU
		{CCDBF242-7084-4917-AD45-CCF7C3A289EC}.Debug|Any CPU.Build.0 = Debug|Any CPU
		{CCDBF242-7084-4917-AD45-CCF7C3A289EC}.Release|Any CPU.ActiveCfg = Release|Any CPU
		{CCDBF242-7084-4917-AD45-CCF7C3A289EC}.Release|Any CPU.Build.0 = Release|Any CPU
	EndGlobalSection
	GlobalSection(SolutionProperties) = preSolution
		HideSolutionNode = FALSE
	EndGlobalSection
EndGlobal
